
Microsoft Visual Studio Solution File, Format Version 12.00
# Visual Studio Version 16
VisualStudioVersion = 16.0.31729.503
MinimumVisualStudioVersion = 10.0.40219.1
Project("{FAE04EC0-301F-11D3-BF4B-00C04F79EFBC}") = "Interfaces8523", "Interfaces8523\Interfaces8523.csproj", "{F7175C01-B07F-44E5-A55C-3E6E655A1F89}"
EndProject
Project("{FAE04EC0-301F-11D3-BF4B-00C04F79EFBC}") = "InterfacesDevam", "InterfacesDevam\InterfacesDevam.csproj", "{915C9032-CEEE-49A6-993F-C6F1E6E8264F}"
EndProject
Project("{FAE04EC0-301F-11D3-BF4B-00C04F79EFBC}") = "InterfacesDemo1", "InterfacesDemo1\InterfacesDemo1.csproj", "{6F7BD299-917D-42BC-944F-B00B1F62A4B4}"
EndProject
Global
	GlobalSection(SolutionConfigurationPlatforms) = preSolution
		Debug|Any CPU = Debug|Any CPU
		Release|Any CPU = Release|Any CPU
	EndGlobalSection
	GlobalSection(ProjectConfigurationPlatforms) = postSolution
		{F7175C01-B07F-44E5-A55C-3E6E655A1F89}.Debug|Any CPU.ActiveCfg = Debug|Any CPU
		{F7175C01-B07F-44E5-A55C-3E6E655A1F89}.Debug|Any CPU.Build.0 = Debug|Any CPU
		{F7175C01-B07F-44E5-A55C-3E6E655A1F89}.Release|Any CPU.ActiveCfg = Release|Any CPU
		{F7175C01-B07F-44E5-A55C-3E6E655A1F89}.Release|Any CPU.Build.0 = Release|Any CPU
		{915C9032-CEEE-49A6-993F-C6F1E6E8264F}.Debug|Any CPU.ActiveCfg = Debug|Any CPU
		{915C9032-CEEE-49A6-993F-C6F1E6E8264F}.Debug|Any CPU.Build.0 = Debug|Any CPU
		{915C9032-CEEE-49A6-993F-C6F1E6E8264F}.Release|Any CPU.ActiveCfg = Release|Any CPU
		{915C9032-CEEE-49A6-993F-C6F1E6E8264F}.Release|Any CPU.Build.0 = Release|Any CPU
		{6F7BD299-917D-42BC-944F-B00B1F62A4B4}.Debug|Any CPU.ActiveCfg = Debug|Any CPU
		{6F7BD299-917D-42BC-944F-B00B1F62A4B4}.Debug|Any CPU.Build.0 = Debug|Any CPU
		{6F7BD299-917D-42BC-944F-B00B1F62A4B4}.Release|Any CPU.ActiveCfg = Release|Any CPU
		{6F7BD299-917D-42BC-944F-B00B1F62A4B4}.Release|Any CPU.Build.0 = Release|Any CPU
	EndGlobalSection
	GlobalSection(SolutionProperties) = preSolution
		HideSolutionNode = FALSE
	EndGlobalSection
	GlobalSection(ExtensibilityGlobals) = postSolution
		SolutionGuid = {8730BB1C-0A42-411E-9FE9-BF23880E8AAE}
	EndGlobalSection
EndGlobal
